# This file is autogenerated, do not edit; changes may be undone by the next 'dep ensure'.


[[projects]]
  branch = "master"
  name = "github.com/jeckbjy/fairy"
  packages = [
    ".",
    "log",
    "util",
    "util/sonyflake",
    "util/terminal"
  ]
  revision = "2ebdf8382fab4d6d79851bd603309427a60e5eb7"

[[projects]]
  name = "gopkg.in/yaml.v2"
  packages = ["."]
  revision = "5420a8b6744d3b0345ab293f6fcba19c978f1183"
  version = "v2.2.1"

[solve-meta]
  analyzer-name = "dep"
  analyzer-version = 1
  inputs-digest = "f2db25e34ae302f3d74e56de8efd2f09e955fa51e4715ff62713ab4e30b7be16"
  solver-name = "gps-cdcl"
  solver-version = 1
